code.vegaprotocol.io/vega v0.72.6 h1:0HVcXRnfx0WLf09UaJoeLstwox5+Tpe6be7XpxXUG04=
code.vegaprotocol.io/vega v0.72.6/go.mod h1:4jz+8jy99maf7bop6JkxeyQplI+d+mmdf8Zgk+REyBg=
github.com/davecgh/go-spew v1.1.1 h1:vj9j/u1bqnvCEfJOwUhtlOARqs3+rkHYY13jYWTU97c=
github.com/ethereum/go-ethereum v1.11.6 h1:2VF8Mf7XiSUfmoNOy3D+ocfl9Qu8baQBrCNbo2CXQ8E=
github.com/ethereum/go-ethereum v1.11.6/go.mod h1:+a8pUj1tOyJ2RinsNQD4326YS+leSoKGiG/uVVb0x6Y=
github.com/golang/protobuf v1.5.0/go.mod h1:FsONVRAS9T7sI+LIUmWTfcYkHO4aIWwzhcaSAoJOfIk=
github.com/golang/protobuf v1.5.3 h1:KhyjKVUg7Usr/dYsdSqoFveMYd5ko72D+zANwlG1mmg=
github.com/golang/protobuf v1.5.3/go.mod h1:XVQd3VNwM+JqD3oG2Ue2ip4fOMUkwXdXDdiuN0vRsmY=
github.com/google/go-cmp v0.5.5/go.mod h1:v8dTdLbMG2kIc/vJvl+f65V22dbkXbowE6jgT/gNBxE=
github.com/google/go-cmp v0.5.9 h1:O2Tfq5qg4qc4AmwVlvv0oLiVAGB7enBSJ2x2DqQFi38=
github.com/google/uuid v1.3.0 h1:t6JiXgmwXMjEs8VusXIJk2BXHsn+wx8BZdTaoZ5fu7I=
github.com/google/uuid v1.3.0/go.mod h1:TIyPZe4MgqvfeYDBFedMoGGpEw/LqOeaOT+nhxU+yHo=
github.com/gopherjs/gopherjs v1.17.2 h1:fQnZVsXk8uxXIStYb0N4bGk7jeyTalG/wsZjQ25dO0g=
github.com/grpc-ecosystem/grpc-gateway/v2 v2.9.0 h1:SLkFeyLhrg86Ny5Wme4MGGace7EHfgsb07uWX/QUGEQ=
github.com/grpc-ecosystem/grpc-gateway/v2 v2.9.0/go.mod h1:z5aB5opCfWSoAzCrC18hMgjy4oWJ2dPXkn+f3kqTHxI=
github.com/jtolds/gls v4.20.0+incompatible h1:xdiiI2gbIgH/gLH7ADydsJ1uDOEzR8yvV7C0MuV77Wo=
github.com/petermattis/goid v0.0.0-20180202154549-b0b1615b78e5 h1:q2e307iGHPdTGp0hoxKjt1H5pDo6utceo3dQVK3I5XQ=
github.com/petermattis/goid v0.0.0-20180202154549-b0b1615b78e5/go.mod h1:jvVRKCrJTQWu0XVbaOlby/2lO20uSCHEMzzplHXte1o=
github.com/pmezard/go-difflib v1.0.0 h1:4DBwDE0NGyQoBHbLQYPwSUPoCMWR5BEzIk/f1lZbAQM=
github.com/sasha-s/go-deadlock v0.3.1 h1:sqv7fDNShgjcaxkO0JNcOAlr8B9+cV5Ey/OB71efZx0=
github.com/sasha-s/go-deadlock v0.3.1/go.mod h1:F73l+cr82YSh10GxyRI6qZiCgK64VaZjwesgfQ1/iLM=
github.com/shopspring/decimal v1.3.1 h1:2Usl1nmF/WZucqkFZhnfFYxxxu8LG21F6nPQBE5gKV8=
github.com/shopspring/decimal v1.3.1/go.mod h1:DKyhrW/HYNuLGql+MJL6WCR6knT2jwCFRcu2hWCYk4o=
github.com/smarty/assertions v1.15.0 h1:cR//PqUBUiQRakZWqBiFFQ9wb8emQGDb0HeGdqGByCY=
github.com/smartystreets/goconvey v1.8.1 h1:qGjIddxOk4grTu9JPOU31tVfq3cNdBlNa5sSznIX1xY=
github.com/smartystreets/goconvey v1.8.1/go.mod h1:+/u4qLyY6x1jReYOp7GOM2FSt8aP9CzCZL03bI28W60=
github.com/stretchr/testify v1.8.2 h1:+h33VjcLVPDHtOdpUCuF+7gSuG3yGIftsP1YvFihtJ8=
github.com/tyler-smith/go-bip39 v1.1.0 h1:5eUemwrMargf3BSLRRCalXT93Ns6pQJIjYQN2nyfOP8=
github.com/tyler-smith/go-bip39 v1.1.0/go.mod h1:gUYDtqQw1JS3ZJ8UWVcGTGqqr6YIN3CWg+kkNaLt55U=
github.com/vegaprotocol/go-slip10 v0.1.0 h1:pP3XF2gSKM6OuaAURobHZlXZ9AzZ5LgeWvXFudL7Mb4=
github.com/vegaprotocol/go-slip10 v0.1.0/go.mod h1:zTjs9hXxElXfZvPRWWFMtEYSe7udGFP1iUM1ktJ72HI=
github.com/withmandala/go-log v0.1.0 h1:wINmTEe7BQ6zEA8sE7lSsYeaxCLluK6RFjF/IB5tzkA=
github.com/withmandala/go-log v0.1.0/go.mod h1:/V9xQUTW74VjYm3u2Liv/bIUGLWoL9z2GlHwtscp4vg=
golang.org/x/crypto v0.0.0-20190308221718-c2843e01d9a2/go.mod h1:djNgcEr1/C05ACkg1iLfiJU5Ep61QUkGW8qpdssI0+w=
golang.org/x/crypto v0.0.0-20200622213623-75b288015ac9/go.mod h1:LzIPMQfyMNhhGPhUkYOs5KpL4U8rLKemX1yGLhDgUto=
golang.org/x/crypto v0.12.0 h1:tFM/ta59kqch6LlvYnPa0yx5a83cL2nHflFhYKvv9Yk=
golang.org/x/crypto v0.12.0/go.mod h1:NF0Gs7EO5K4qLn+Ylc+fih8BSTeIjAP05siRnAh98yw=
golang.org/x/exp v0.0.0-20230807204917-050eac23e9de h1:l5Za6utMv/HsBWWqzt4S8X17j+kt1uVETUX5UFhn2rE=
golang.org/x/exp v0.0.0-20230807204917-050eac23e9de/go.mod h1:FXUEEKJgO7OQYeo8N01OfiKP8RXMtf6e8aTskBGqWdc=
golang.org/x/net v0.0.0-20190404232315-eb5bcb51f2a3/go.mod h1:t9HGtf8HONx5eT2rtn7q6eTqICYqUVnKs3thJo3Qplg=
golang.org/x/net v0.10.0 h1:X2//UzNDwYmtCLn7To6G58Wr6f5ahEAQgKNzv9Y951M=
golang.org/x/net v0.10.0/go.mod h1:0qNGK6F8kojg2nk9dLZ2mShWaEBan6FAoqfSigmmuDg=
golang.org/x/sys v0.0.0-20190215142949-d0b11bdaac8a/go.mod h1:STP8DvDyc/dI5b8T5hshtkjS+E42TnysNCUPdjciGhY=
golang.org/x/sys v0.0.0-20190412213103-97732733099d/go.mod h1:h1NjWce9XRLGQEsW7wpKNCjG9DtNlClVuFLEZdDNbEs=
golang.org/x/sys v0.11.0 h1:eG7RXZHdqOJ1i+0lgLgCpSXAp6M3LYlAo6osgSi0xOM=
golang.org/x/sys v0.11.0/go.mod h1:oPkhp1MJrh7nUepCBck5+mAzfO9JrbApNNgaTdGDITg=
golang.org/x/term v0.11.0 h1:F9tnn/DA/Im8nCwm+fX+1/eBwi4qFjRT++MhtVC4ZX0=
golang.org/x/term v0.11.0/go.mod h1:zC9APTIj3jG3FdV/Ons+XE1riIZXG4aZ4GTHiPZJPIU=
golang.org/x/text v0.3.0/go.mod h1:NqM8EUOU14njkJ3fqMW+pc6Ldnwhi/IjpwHt7yyuwOQ=
golang.org/x/text v0.12.0 h1:k+n5B8goJNdU7hSvEtMUz3d1Q6D/XW4COJSJR6fN0mc=
golang.org/x/text v0.12.0/go.mod h1:TvPlkZtksWOMsz7fbANvkp4WM8x/WCo/om8BMLbz+aE=
golang.org/x/xerrors v0.0.0-20191204190536-9bdfabe68543/go.mod h1:I/5z698sn9Ka8TeJc9MKroUUfqBBauWjQqLJ2OPfmY0=
google.golang.org/genproto v0.0.0-20230526161137-0005af68ea54 h1:9NWlQfY2ePejTmfwUH1OWwmznFa+0kKcHGPDvcPza9M=
google.golang.org/genproto v0.0.0-20230526161137-0005af68ea54/go.mod h1:zqTuNwFlFRsw5zIts5VnzLQxSRqh+CGOTVMlYbY0Eyk=
google.golang.org/genproto/googleapis/api v0.0.0-20230525234035-dd9d682886f9 h1:m8v1xLLLzMe1m5P+gCTF8nJB9epwZQUBERm20Oy1poQ=
google.golang.org/genproto/googleapis/api v0.0.0-20230525234035-dd9d682886f9/go.mod h1:vHYtlOoi6TsQ3Uk2yxR7NI5z8uoV+3pZtR4jmHIkRig=
google.golang.org/genproto/googleapis/rpc v0.0.0-20230525234030-28d5490b6b19 h1:0nDDozoAU19Qb2HwhXadU8OcsiO/09cnTqhUtq2MEOM=
google.golang.org/genproto/googleapis/rpc v0.0.0-20230525234030-28d5490b6b19/go.mod h1:66JfowdXAEgad5O9NnYcsNPLCPZJD++2L9X0PCMODrA=
google.golang.org/grpc v1.57.0 h1:kfzNeI/klCGD2YPMUlaGNT3pxvYfga7smW3Vth8Zsiw=
google.golang.org/grpc v1.57.0/go.mod h1:Sd+9RMTACXwmub0zcNY2c4arhtrbBYD1AUHI/dt16Mo=
google.golang.org/protobuf v1.26.0-rc.1/go.mod h1:jlhhOSvTdKEhbULTjvd4ARK9grFBp09yW+WbY/TyQbw=
google.golang.org/protobuf v1.26.0/go.mod h1:9q0QmTI4eRPtz6boOQmLYwt+qCgq0jsYwAQnmE0givc=
google.golang.org/protobuf v1.30.0 h1:kPPoIgf3TsEvrm0PFe15JQ+570QVxYzEvvHqChK+cng=
google.golang.org/protobuf v1.30.0/go.mod h1:HV8QOd/L58Z+nl8r43ehVNZIU/HEI6OcFqwMG9pJV4I=
gopkg.in/yaml.v3 v3.0.1 h1:fxVm/GzAzEWqLHuvctI91KS9hhNmmWOoWu0XTYJS7CA=
